
Microsoft Visual Studio Solution File, Format Version 12.00
# Visual Studio Version 17
VisualStudioVersion = 17.8.34330.188
MinimumVisualStudioVersion = 10.0.40219.1
Project("{2150E333-8FDC-42A3-9474-1A3956D46DE8}") = "src", "src", "{3E04B2A3-4C4B-4F61-9394-14042C252C2C}"
EndProject
Project("{2150E333-8FDC-42A3-9474-1A3956D46DE8}") = "tests", "tests", "{614E6BFF-C08B-4096-B017-F0AB770D44FF}"
EndProject
Project("{2150E333-8FDC-42A3-9474-1A3956D46DE8}") = "Services", "Services", "{25E154B9-9C1D-4334-93ED-6CE96F4A91FE}"
EndProject
Project("{2150E333-8FDC-42A3-9474-1A3956D46DE8}") = "WebApps", "WebApps", "{41324004-84B3-4649-941E-625A28CE097C}"
EndProject
Project("{2150E333-8FDC-42A3-9474-1A3956D46DE8}") = "Registers", "Registers", "{B6C08B9E-1073-4316-B0FF-AAF6C7B2B93F}"
EndProject
Project("{2150E333-8FDC-42A3-9474-1A3956D46DE8}") = "Catalog", "Catalog", "{80E8CF89-4ADF-4E94-868E-50901C339402}"
EndProject
Project("{2150E333-8FDC-42A3-9474-1A3956D46DE8}") = "Core", "Core", "{F18F6C1A-86CB-489D-9098-D493F11496B9}"
EndProject
Project("{2150E333-8FDC-42A3-9474-1A3956D46DE8}") = "Supervisor", "Supervisor", "{0FD891A7-3197-41FE-91DD-7C9BE5735830}"
EndProject
Project("{2150E333-8FDC-42A3-9474-1A3956D46DE8}") = "Payments", "Payments", "{1D567843-7F28-43F6-BA86-59329136E23C}"
EndProject
Project("{2150E333-8FDC-42A3-9474-1A3956D46DE8}") = "Sales", "Sales", "{608F02BC-B15D-4FBD-8052-8775E2B048B0}"
EndProject
Project("{9A19103F-16F7-4668-BE54-9A1E7A4F7556}") = "NerdStore.Catalog.Domain", "src\NerdStore.Catalog.Domain\NerdStore.Catalog.Domain.csproj", "{EFCCF4CB-F0A8-41FC-9F83-CB9D6F48CD2B}"
EndProject
Project("{9A19103F-16F7-4668-BE54-9A1E7A4F7556}") = "NerdStore.Core", "src\NerdStore.Core\NerdStore.Core.csproj", "{9F4BF992-5932-4679-B253-517CB08D5943}"
EndProject
Project("{2150E333-8FDC-42A3-9474-1A3956D46DE8}") = "tests", "tests", "{423F6CAF-38ED-42F1-B2F1-4441870E0FDF}"
EndProject
Project("{9A19103F-16F7-4668-BE54-9A1E7A4F7556}") = "NerdStore.Catalog.Domain.Tests", "test\NerdStore.Catalog.Domain.Tests\NerdStore.Catalog.Domain.Tests.csproj", "{BCEFB000-FB9A-417E-95B3-DB6FB2FD748D}"
EndProject
Project("{9A19103F-16F7-4668-BE54-9A1E7A4F7556}") = "NerdStore.Catalog.Data", "src\NerdStore.Catalog.Data\NerdStore.Catalog.Data.csproj", "{B9CA171E-0D59-485C-803A-835091BCEA27}"
EndProject
Project("{2150E333-8FDC-42A3-9474-1A3956D46DE8}") = "Solution Items", "Solution Items", "{47DC5088-0BF3-4441-A7E8-84F77C233374}"
	ProjectSection(SolutionItems) = preProject
		.editorconfig = .editorconfig
	EndProjectSection
EndProject
Project("{FAE04EC0-301F-11D3-BF4B-00C04F79EFBC}") = "NerdStore.Catalog.Application", "src\NerdStore.Catalog.Application\NerdStore.Catalog.Application.csproj", "{997D1D05-DCB1-4292-B41F-35EC1FF6B380}"
EndProject
Global
	GlobalSection(SolutionConfigurationPlatforms) = preSolution
		Debug|Any CPU = Debug|Any CPU
		Release|Any CPU = Release|Any CPU
	EndGlobalSection
	GlobalSection(ProjectConfigurationPlatforms) = postSolution
		{EFCCF4CB-F0A8-41FC-9F83-CB9D6F48CD2B}.Debug|Any CPU.ActiveCfg = Debug|Any CPU
		{EFCCF4CB-F0A8-41FC-9F83-CB9D6F48CD2B}.Debug|Any CPU.Build.0 = Debug|Any CPU
		{EFCCF4CB-F0A8-41FC-9F83-CB9D6F48CD2B}.Release|Any CPU.ActiveCfg = Release|Any CPU
		{EFCCF4CB-F0A8-41FC-9F83-CB9D6F48CD2B}.Release|Any CPU.Build.0 = Release|Any CPU
		{9F4BF992-5932-4679-B253-517CB08D5943}.Debug|Any CPU.ActiveCfg = Debug|Any CPU
		{9F4BF992-5932-4679-B253-517CB08D5943}.Debug|Any CPU.Build.0 = Debug|Any CPU
		{9F4BF992-5932-4679-B253-517CB08D5943}.Release|Any CPU.ActiveCfg = Release|Any CPU
		{9F4BF992-5932-4679-B253-517CB08D5943}.Release|Any CPU.Build.0 = Release|Any CPU
		{BCEFB000-FB9A-417E-95B3-DB6FB2FD748D}.Debug|Any CPU.ActiveCfg = Debug|Any CPU
		{BCEFB000-FB9A-417E-95B3-DB6FB2FD748D}.Debug|Any CPU.Build.0 = Debug|Any CPU
		{BCEFB000-FB9A-417E-95B3-DB6FB2FD748D}.Release|Any CPU.ActiveCfg = Release|Any CPU
		{BCEFB000-FB9A-417E-95B3-DB6FB2FD748D}.Release|Any CPU.Build.0 = Release|Any CPU
		{B9CA171E-0D59-485C-803A-835091BCEA27}.Debug|Any CPU.ActiveCfg = Debug|Any CPU
		{B9CA171E-0D59-485C-803A-835091BCEA27}.Debug|Any CPU.Build.0 = Debug|Any CPU
		{B9CA171E-0D59-485C-803A-835091BCEA27}.Release|Any CPU.ActiveCfg = Release|Any CPU
		{B9CA171E-0D59-485C-803A-835091BCEA27}.Release|Any CPU.Build.0 = Release|Any CPU
		{997D1D05-DCB1-4292-B41F-35EC1FF6B380}.Debug|Any CPU.ActiveCfg = Debug|Any CPU
		{997D1D05-DCB1-4292-B41F-35EC1FF6B380}.Debug|Any CPU.Build.0 = Debug|Any CPU
		{997D1D05-DCB1-4292-B41F-35EC1FF6B380}.Release|Any CPU.ActiveCfg = Release|Any CPU
		{997D1D05-DCB1-4292-B41F-35EC1FF6B380}.Release|Any CPU.Build.0 = Release|Any CPU
	EndGlobalSection
	GlobalSection(SolutionProperties) = preSolution
		HideSolutionNode = FALSE
	EndGlobalSection
	GlobalSection(NestedProjects) = preSolution
		{25E154B9-9C1D-4334-93ED-6CE96F4A91FE} = {3E04B2A3-4C4B-4F61-9394-14042C252C2C}
		{41324004-84B3-4649-941E-625A28CE097C} = {3E04B2A3-4C4B-4F61-9394-14042C252C2C}
		{B6C08B9E-1073-4316-B0FF-AAF6C7B2B93F} = {25E154B9-9C1D-4334-93ED-6CE96F4A91FE}
		{80E8CF89-4ADF-4E94-868E-50901C339402} = {25E154B9-9C1D-4334-93ED-6CE96F4A91FE}
		{F18F6C1A-86CB-489D-9098-D493F11496B9} = {25E154B9-9C1D-4334-93ED-6CE96F4A91FE}
		{0FD891A7-3197-41FE-91DD-7C9BE5735830} = {25E154B9-9C1D-4334-93ED-6CE96F4A91FE}
		{1D567843-7F28-43F6-BA86-59329136E23C} = {25E154B9-9C1D-4334-93ED-6CE96F4A91FE}
		{608F02BC-B15D-4FBD-8052-8775E2B048B0} = {25E154B9-9C1D-4334-93ED-6CE96F4A91FE}
		{EFCCF4CB-F0A8-41FC-9F83-CB9D6F48CD2B} = {80E8CF89-4ADF-4E94-868E-50901C339402}
		{9F4BF992-5932-4679-B253-517CB08D5943} = {F18F6C1A-86CB-489D-9098-D493F11496B9}
		{423F6CAF-38ED-42F1-B2F1-4441870E0FDF} = {80E8CF89-4ADF-4E94-868E-50901C339402}
		{BCEFB000-FB9A-417E-95B3-DB6FB2FD748D} = {423F6CAF-38ED-42F1-B2F1-4441870E0FDF}
		{B9CA171E-0D59-485C-803A-835091BCEA27} = {80E8CF89-4ADF-4E94-868E-50901C339402}
		{997D1D05-DCB1-4292-B41F-35EC1FF6B380} = {80E8CF89-4ADF-4E94-868E-50901C339402}
	EndGlobalSection
	GlobalSection(ExtensibilityGlobals) = postSolution
		SolutionGuid = {1EFCC4A8-DBDA-4903-AE9E-FDFD91FF58CD}
	EndGlobalSection
EndGlobal
